// !$*UTF8*$!
{
	archiveVersion = 1;
	classes = {
	};
	objectVersion = 46;
	objects = {

/* Begin PBXBuildFile section */
		D708F1D71B85E45B00676A1C /* HTTPStreamTransmitter.swift in Sources */ = {isa = PBXBuildFile; fileRef = D708F1D61B85E45B00676A1C /* HTTPStreamTransmitter.swift */; };
		D708F2251B873FF200676A1C /* HTTPConstants.swift in Sources */ = {isa = PBXBuildFile; fileRef = D708F2241B873FF200676A1C /* HTTPConstants.swift */; };
		D708F2271B87404A00676A1C /* NSData+suffix.swift in Sources */ = {isa = PBXBuildFile; fileRef = D708F2261B87404A00676A1C /* NSData+suffix.swift */; };
		D708F2291B87491800676A1C /* NSMutableData+append.swift in Sources */ = {isa = PBXBuildFile; fileRef = D708F2281B87491800676A1C /* NSMutableData+append.swift */; };
		D708F22B1B8749AD00676A1C /* HTTPStatus.swift in Sources */ = {isa = PBXBuildFile; fileRef = D708F22A1B8749AD00676A1C /* HTTPStatus.swift */; };
		D708F22D1B875E8000676A1C /* index.html in Resources */ = {isa = PBXBuildFile; fileRef = D708F22C1B875E8000676A1C /* index.html */; };
		D708F2951B8882E700676A1C /* AppConstants.swift in Sources */ = {isa = PBXBuildFile; fileRef = D708F2941B8882E700676A1C /* AppConstants.swift */; };
		D708F2971B88890D00676A1C /* String+HTML.swift in Sources */ = {isa = PBXBuildFile; fileRef = D708F2961B88890D00676A1C /* String+HTML.swift */; };
		D708F2991B888D1900676A1C /* OOPRegularExpression.swift in Sources */ = {isa = PBXBuildFile; fileRef = D708F2981B888D1900676A1C /* OOPRegularExpression.swift */; };
		D708F29C1B889C4700676A1C /* LICENSE.txt in Resources */ = {isa = PBXBuildFile; fileRef = D708F29B1B889C4700676A1C /* LICENSE.txt */; };
		D74873571B849E110095E42F /* AppDelegate.swift in Sources */ = {isa = PBXBuildFile; fileRef = D74873561B849E110095E42F /* AppDelegate.swift */; };
		D74873591B849E110095E42F /* ViewController.swift in Sources */ = {isa = PBXBuildFile; fileRef = D74873581B849E110095E42F /* ViewController.swift */; };
		D748735C1B849E110095E42F /* Main.storyboard in Resources */ = {isa = PBXBuildFile; fileRef = D748735A1B849E110095E42F /* Main.storyboard */; };
		D748735E1B849E110095E42F /* Assets.xcassets in Resources */ = {isa = PBXBuildFile; fileRef = D748735D1B849E110095E42F /* Assets.xcassets */; };
		D74873611B849E110095E42F /* LaunchScreen.storyboard in Resources */ = {isa = PBXBuildFile; fileRef = D748735F1B849E110095E42F /* LaunchScreen.storyboard */; };
		D74873691B849F260095E42F /* WebServerRequest.swift in Sources */ = {isa = PBXBuildFile; fileRef = D74873681B849F260095E42F /* WebServerRequest.swift */; };
		D748736B1B849F4A0095E42F /* WebServer.swift in Sources */ = {isa = PBXBuildFile; fileRef = D748736A1B849F4A0095E42F /* WebServer.swift */; };
		D748736D1B849F760095E42F /* WebClient.swift in Sources */ = {isa = PBXBuildFile; fileRef = D748736C1B849F760095E42F /* WebClient.swift */; };
		D748736F1B84B2A20095E42F /* HTTPStreamReceiver.swift in Sources */ = {isa = PBXBuildFile; fileRef = D748736E1B84B2A20095E42F /* HTTPStreamReceiver.swift */; };
		D78D18391B8527A00026F024 /* HTTPValues.swift in Sources */ = {isa = PBXBuildFile; fileRef = D78D18381B8527A00026F024 /* HTTPValues.swift */; };
		D78D183B1B85284C0026F024 /* Array+opt.swift in Sources */ = {isa = PBXBuildFile; fileRef = D78D183A1B85284C0026F024 /* Array+opt.swift */; };
/* End PBXBuildFile section */

/* Begin PBXFileReference section */
		D708F1D41B853E5D00676A1C /* README.md */ = {isa = PBXFileReference; fileEncoding = 4; lastKnownFileType = net.daringfireball.markdown; path = README.md; sourceTree = "<group>"; };
		D708F1D61B85E45B00676A1C /* HTTPStreamTransmitter.swift */ = {isa = PBXFileReference; fileEncoding = 4; lastKnownFileType = sourcecode.swift; path = HTTPStreamTransmitter.swift; sourceTree = "<group>"; };
		D708F2241B873FF200676A1C /* HTTPConstants.swift */ = {isa = PBXFileReference; fileEncoding = 4; lastKnownFileType = sourcecode.swift; path = HTTPConstants.swift; sourceTree = "<group>"; };
		D708F2261B87404A00676A1C /* NSData+suffix.swift */ = {isa = PBXFileReference; fileEncoding = 4; lastKnownFileType = sourcecode.swift; path = "NSData+suffix.swift"; sourceTree = "<group>"; };
		D708F2281B87491800676A1C /* NSMutableData+append.swift */ = {isa = PBXFileReference; fileEncoding = 4; lastKnownFileType = sourcecode.swift; path = "NSMutableData+append.swift"; sourceTree = "<group>"; };
		D708F22A1B8749AD00676A1C /* HTTPStatus.swift */ = {isa = PBXFileReference; fileEncoding = 4; lastKnownFileType = sourcecode.swift; path = HTTPStatus.swift; sourceTree = "<group>"; };
		D708F22C1B875E8000676A1C /* index.html */ = {isa = PBXFileReference; fileEncoding = 4; lastKnownFileType = text.html; path = index.html; sourceTree = "<group>"; };
		D708F2941B8882E700676A1C /* AppConstants.swift */ = {isa = PBXFileReference; fileEncoding = 4; lastKnownFileType = sourcecode.swift; path = AppConstants.swift; sourceTree = "<group>"; };
		D708F2961B88890D00676A1C /* String+HTML.swift */ = {isa = PBXFileReference; fileEncoding = 4; lastKnownFileType = sourcecode.swift; path = "String+HTML.swift"; sourceTree = "<group>"; };
		D708F2981B888D1900676A1C /* OOPRegularExpression.swift */ = {isa = PBXFileReference; fileEncoding = 4; lastKnownFileType = sourcecode.swift; path = OOPRegularExpression.swift; sourceTree = "<group>"; };
		D708F29B1B889C4700676A1C /* LICENSE.txt */ = {isa = PBXFileReference; fileEncoding = 4; lastKnownFileType = text; path = LICENSE.txt; sourceTree = "<group>"; };
		D74873531B849E110095E42F /* MyWebViewApp.app */ = {isa = PBXFileReference; explicitFileType = wrapper.application; includeInIndex = 0; path = MyWebViewApp.app; sourceTree = BUILT_PRODUCTS_DIR; };
		D74873561B849E110095E42F /* AppDelegate.swift */ = {isa = PBXFileReference; lastKnownFileType = sourcecode.swift; path = AppDelegate.swift; sourceTree = "<group>"; };
		D74873581B849E110095E42F /* ViewController.swift */ = {isa = PBXFileReference; lastKnownFileType = sourcecode.swift; path = ViewController.swift; sourceTree = "<group>"; };
		D748735B1B849E110095E42F /* Base */ = {isa = PBXFileReference; lastKnownFileType = file.storyboard; name = Base; path = Base.lproj/Main.storyboard; sourceTree = "<group>"; };
		D748735D1B849E110095E42F /* Assets.xcassets */ = {isa = PBXFileReference; lastKnownFileType = folder.assetcatalog; path = Assets.xcassets; sourceTree = "<group>"; };
		D74873601B849E110095E42F /* Base */ = {isa = PBXFileReference; lastKnownFileType = file.storyboard; name = Base; path = Base.lproj/LaunchScreen.storyboard; sourceTree = "<group>"; };
		D74873621B849E110095E42F /* Info.plist */ = {isa = PBXFileReference; lastKnownFileType = text.plist.xml; path = Info.plist; sourceTree = "<group>"; };
		D74873681B849F260095E42F /* WebServerRequest.swift */ = {isa = PBXFileReference; fileEncoding = 4; lastKnownFileType = sourcecode.swift; path = WebServerRequest.swift; sourceTree = "<group>"; };
		D748736A1B849F4A0095E42F /* WebServer.swift */ = {isa = PBXFileReference; fileEncoding = 4; lastKnownFileType = sourcecode.swift; path = WebServer.swift; sourceTree = "<group>"; };
		D748736C1B849F760095E42F /* WebClient.swift */ = {isa = PBXFileReference; fileEncoding = 4; lastKnownFileType = sourcecode.swift; path = WebClient.swift; sourceTree = "<group>"; };
		D748736E1B84B2A20095E42F /* HTTPStreamReceiver.swift */ = {isa = PBXFileReference; fileEncoding = 4; lastKnownFileType = sourcecode.swift; path = HTTPStreamReceiver.swift; sourceTree = "<group>"; };
		D78D18381B8527A00026F024 /* HTTPValues.swift */ = {isa = PBXFileReference; fileEncoding = 4; lastKnownFileType = sourcecode.swift; path = HTTPValues.swift; sourceTree = "<group>"; };
		D78D183A1B85284C0026F024 /* Array+opt.swift */ = {isa = PBXFileReference; fileEncoding = 4; lastKnownFileType = sourcecode.swift; path = "Array+opt.swift"; sourceTree = "<group>"; };
/* End PBXFileReference section */

/* Begin PBXFrameworksBuildPhase section */
		D74873501B849E110095E42F /* Frameworks */ = {
			isa = PBXFrameworksBuildPhase;
			buildActionMask = 2147483647;
			files = (
			);
			runOnlyForDeploymentPostprocessing = 0;
		};
/* End PBXFrameworksBuildPhase section */

/* Begin PBXGroup section */
		D708F22E1B87618800676A1C /* Resources */ = {
			isa = PBXGroup;
			children = (
				D708F22C1B875E8000676A1C /* index.html */,
			);
			name = Resources;
			sourceTree = "<group>";
		};
		D708F29A1B888D3600676A1C /* OOPUtils */ = {
			isa = PBXGroup;
			children = (
				D78D183A1B85284C0026F024 /* Array+opt.swift */,
				D708F2261B87404A00676A1C /* NSData+suffix.swift */,
				D708F2281B87491800676A1C /* NSMutableData+append.swift */,
				D708F2981B888D1900676A1C /* OOPRegularExpression.swift */,
			);
			name = OOPUtils;
			sourceTree = "<group>";
		};
		D748734A1B849E110095E42F = {
			isa = PBXGroup;
			children = (
				D708F1D41B853E5D00676A1C /* README.md */,
				D708F29B1B889C4700676A1C /* LICENSE.txt */,
				D74873551B849E110095E42F /* MyWebViewApp */,
				D74873541B849E110095E42F /* Products */,
			);
			sourceTree = "<group>";
		};
		D74873541B849E110095E42F /* Products */ = {
			isa = PBXGroup;
			children = (
				D74873531B849E110095E42F /* MyWebViewApp.app */,
			);
			name = Products;
			sourceTree = "<group>";
		};
		D74873551B849E110095E42F /* MyWebViewApp */ = {
			isa = PBXGroup;
			children = (
				D748736A1B849F4A0095E42F /* WebServer.swift */,
				D74873681B849F260095E42F /* WebServerRequest.swift */,
				D748736C1B849F760095E42F /* WebClient.swift */,
				D748736E1B84B2A20095E42F /* HTTPStreamReceiver.swift */,
				D708F1D61B85E45B00676A1C /* HTTPStreamTransmitter.swift */,
				D78D18381B8527A00026F024 /* HTTPValues.swift */,
				D708F2241B873FF200676A1C /* HTTPConstants.swift */,
				D708F22A1B8749AD00676A1C /* HTTPStatus.swift */,
				D708F2941B8882E700676A1C /* AppConstants.swift */,
				D708F2961B88890D00676A1C /* String+HTML.swift */,
				D708F29A1B888D3600676A1C /* OOPUtils */,
				D74873561B849E110095E42F /* AppDelegate.swift */,
				D74873581B849E110095E42F /* ViewController.swift */,
				D748735A1B849E110095E42F /* Main.storyboard */,
				D748735D1B849E110095E42F /* Assets.xcassets */,
				D748735F1B849E110095E42F /* LaunchScreen.storyboard */,
				D74873621B849E110095E42F /* Info.plist */,
				D708F22E1B87618800676A1C /* Resources */,
			);
			path = MyWebViewApp;
			sourceTree = "<group>";
		};
/* End PBXGroup section */

/* Begin PBXNativeTarget section */
		D74873521B849E110095E42F /* MyWebViewApp */ = {
			isa = PBXNativeTarget;
			buildConfigurationList = D74873651B849E110095E42F /* Build configuration list for PBXNativeTarget "MyWebViewApp" */;
			buildPhases = (
				D748734F1B849E110095E42F /* Sources */,
				D74873501B849E110095E42F /* Frameworks */,
				D74873511B849E110095E42F /* Resources */,
			);
			buildRules = (
			);
			dependencies = (
			);
			name = MyWebViewApp;
			productName = MyWebViewApp;
			productReference = D74873531B849E110095E42F /* MyWebViewApp.app */;
			productType = "com.apple.product-type.application";
		};
/* End PBXNativeTarget section */

/* Begin PBXProject section */
		D748734B1B849E110095E42F /* Project object */ = {
			isa = PBXProject;
			attributes = {
				LastUpgradeCheck = 0700;
				ORGANIZATIONNAME = "OOPer (NAGATA, Atsuyuki)";
				TargetAttributes = {
					D74873521B849E110095E42F = {
						CreatedOnToolsVersion = 7.0;
					};
				};
			};
			buildConfigurationList = D748734E1B849E110095E42F /* Build configuration list for PBXProject "MyWebViewApp" */;
			compatibilityVersion = "Xcode 3.2";
			developmentRegion = English;
			hasScannedForEncodings = 0;
			knownRegions = (
				en,
				Base,
			);
			mainGroup = D748734A1B849E110095E42F;
			productRefGroup = D74873541B849E110095E42F /* Products */;
			projectDirPath = "";
			projectRoot = "";
			targets = (
				D74873521B849E110095E42F /* MyWebViewApp */,
			);
		};
/* End PBXProject section */

/* Begin PBXResourcesBuildPhase section */
		D74873511B849E110095E42F /* Resources */ = {
			isa = PBXResourcesBuildPhase;
			buildActionMask = 2147483647;
			files = (
				D74873611B849E110095E42F /* LaunchScreen.storyboard in Resources */,
				D708F22D1B875E8000676A1C /* index.html in Resources */,
				D748735E1B849E110095E42F /* Assets.xcassets in Resources */,
				D708F29C1B889C4700676A1C /* LICENSE.txt in Resources */,
				D748735C1B849E110095E42F /* Main.storyboard in Resources */,
			);
			runOnlyForDeploymentPostprocessing = 0;
		};
/* End PBXResourcesBuildPhase section */

/* Begin PBXSourcesBuildPhase section */
		D748734F1B849E110095E42F /* Sources */ = {
			isa = PBXSourcesBuildPhase;
			buildActionMask = 2147483647;
			files = (
				D748736F1B84B2A20095E42F /* HTTPStreamReceiver.swift in Sources */,
				D708F2291B87491800676A1C /* NSMutableData+append.swift in Sources */,
				D708F2251B873FF200676A1C /* HTTPConstants.swift in Sources */,
				D748736B1B849F4A0095E42F /* WebServer.swift in Sources */,
				D708F2991B888D1900676A1C /* OOPRegularExpression.swift in Sources */,
				D78D18391B8527A00026F024 /* HTTPValues.swift in Sources */,
				D708F1D71B85E45B00676A1C /* HTTPStreamTransmitter.swift in Sources */,
				D708F2971B88890D00676A1C /* String+HTML.swift in Sources */,
				D74873691B849F260095E42F /* WebServerRequest.swift in Sources */,
				D708F2271B87404A00676A1C /* NSData+suffix.swift in Sources */,
				D708F22B1B8749AD00676A1C /* HTTPStatus.swift in Sources */,
				D74873591B849E110095E42F /* ViewController.swift in Sources */,
				D748736D1B849F760095E42F /* WebClient.swift in Sources */,
				D708F2951B8882E700676A1C /* AppConstants.swift in Sources */,
				D74873571B849E110095E42F /* AppDelegate.swift in Sources */,
				D78D183B1B85284C0026F024 /* Array+opt.swift in Sources */,
			);
			runOnlyForDeploymentPostprocessing = 0;
		};
/* End PBXSourcesBuildPhase section */

/* Begin PBXVariantGroup section */
		D748735A1B849E110095E42F /* Main.storyboard */ = {
			isa = PBXVariantGroup;
			children = (
				D748735B1B849E110095E42F /* Base */,
			);
			name = Main.storyboard;
			sourceTree = "<group>";
		};
		D748735F1B849E110095E42F /* LaunchScreen.storyboard */ = {
			isa = PBXVariantGroup;
			children = (
				D74873601B849E110095E42F /* Base */,
			);
			name = LaunchScreen.storyboard;
			sourceTree = "<group>";
		};
/* End PBXVariantGroup section */

/* Begin XCBuildConfiguration section */
		D74873631B849E110095E42F /* Debug */ = {
			isa = XCBuildConfiguration;
			buildSettings = {
				ALWAYS_SEARCH_USER_PATHS = NO;
				CLANG_CXX_LANGUAGE_STANDARD = "gnu++0x";
				CLANG_CXX_LIBRARY = "libc++";
				CLANG_ENABLE_MODULES = YES;
				CLANG_ENABLE_OBJC_ARC = YES;
				CLANG_WARN_BOOL_CONVERSION = YES;
				CLANG_WARN_CONSTANT_CONVERSION = YES;
				CLANG_WARN_DIRECT_OBJC_ISA_USAGE = YES_ERROR;
				CLANG_WARN_EMPTY_BODY = YES;
				CLANG_WARN_ENUM_CONVERSION = YES;
				CLANG_WARN_INT_CONVERSION = YES;
				CLANG_WARN_OBJC_ROOT_CLASS = YES_ERROR;
				CLANG_WARN_UNREACHABLE_CODE = YES;
				CLANG_WARN__DUPLICATE_METHOD_MATCH = YES;
				"CODE_SIGN_IDENTITY[sdk=iphoneos*]" = "iPhone Developer";
				COPY_PHASE_STRIP = NO;
				DEBUG_INFORMATION_FORMAT = dwarf;
				ENABLE_STRICT_OBJC_MSGSEND = YES;
				ENABLE_TESTABILITY = YES;
				GCC_C_LANGUAGE_STANDARD = gnu99;
				GCC_DYNAMIC_NO_PIC = NO;
				GCC_NO_COMMON_BLOCKS = YES;
				GCC_OPTIMIZATION_LEVEL = 0;
				GCC_PREPROCESSOR_DEFINITIONS = (
					"DEBUG=1",
					"$(inherited)",
				);
				GCC_WARN_64_TO_32_BIT_CONVERSION = YES;
				GCC_WARN_ABOUT_RETURN_TYPE = YES_ERROR;
				GCC_WARN_UNDECLARED_SELECTOR = YES;
				GCC_WARN_UNINITIALIZED_AUTOS = YES_AGGRESSIVE;
				GCC_WARN_UNUSED_FUNCTION = YES;
				GCC_WARN_UNUSED_VARIABLE = YES;
				IPHONEOS_DEPLOYMENT_TARGET = 7.0;
				MTL_ENABLE_DEBUG_INFO = YES;
				ONLY_ACTIVE_ARCH = YES;
				SDKROOT = iphoneos;
				SWIFT_OPTIMIZATION_LEVEL = "-Onone";
			};
			name = Debug;
		};
		D74873641B849E110095E42F /* Release */ = {
			isa = XCBuildConfiguration;
			buildSettings = {
				ALWAYS_SEARCH_USER_PATHS = NO;
				CLANG_CXX_LANGUAGE_STANDARD = "gnu++0x";
				CLANG_CXX_LIBRARY = "libc++";
				CLANG_ENABLE_MODULES = YES;
				CLANG_ENABLE_OBJC_ARC = YES;
				CLANG_WARN_BOOL_CONVERSION = YES;
				CLANG_WARN_CONSTANT_CONVERSION = YES;
				CLANG_WARN_DIRECT_OBJC_ISA_USAGE = YES_ERROR;
				CLANG_WARN_EMPTY_BODY = YES;
				CLANG_WARN_ENUM_CONVERSION = YES;
				CLANG_WARN_INT_CONVERSION = YES;
				CLANG_WARN_OBJC_ROOT_CLASS = YES_ERROR;
				CLANG_WARN_UNREACHABLE_CODE = YES;
				CLANG_WARN__DUPLICATE_METHOD_MATCH = YES;
				"CODE_SIGN_IDENTITY[sdk=iphoneos*]" = "iPhone Developer";
				COPY_PHASE_STRIP = NO;
				DEBUG_INFORMATION_FORMAT = "dwarf-with-dsym";
				ENABLE_NS_ASSERTIONS = NO;
				ENABLE_STRICT_OBJC_MSGSEND = YES;
				GCC_C_LANGUAGE_STANDARD = gnu99;
				GCC_NO_COMMON_BLOCKS = YES;
				GCC_WARN_64_TO_32_BIT_CONVERSION = YES;
				GCC_WARN_ABOUT_RETURN_TYPE = YES_ERROR;
				GCC_WARN_UNDECLARED_SELECTOR = YES;
				GCC_WARN_UNINITIALIZED_AUTOS = YES_AGGRESSIVE;
				GCC_WARN_UNUSED_FUNCTION = YES;
				GCC_WARN_UNUSED_VARIABLE = YES;
				IPHONEOS_DEPLOYMENT_TARGET = 7.0;
				MTL_ENABLE_DEBUG_INFO = NO;
				SDKROOT = iphoneos;
				VALIDATE_PRODUCT = YES;
			};
			name = Release;
		};
		D74873661B849E110095E42F /* Debug */ = {
			isa = XCBuildConfiguration;
			buildSettings = {
				ASSETCATALOG_COMPILER_APPICON_NAME = AppIcon;
				INFOPLIST_FILE = MyWebViewApp/Info.plist;
				LD_RUNPATH_SEARCH_PATHS = "$(inherited) @executable_path/Frameworks";
				PRODUCT_BUNDLE_IDENTIFIER = com.oopers.MyWebViewApp;
				PRODUCT_NAME = "$(TARGET_NAME)";
			};
			name = Debug;
		};
		D74873671B849E110095E42F /* Release */ = {
			isa = XCBuildConfiguration;
			buildSettings = {
				ASSETCATALOG_COMPILER_APPICON_NAME = AppIcon;
				INFOPLIST_FILE = MyWebViewApp/Info.plist;
				LD_RUNPATH_SEARCH_PATHS = "$(inherited) @executable_path/Frameworks";
				PRODUCT_BUNDLE_IDENTIFIER = com.oopers.MyWebViewApp;
				PRODUCT_NAME = "$(TARGET_NAME)";
			};
			name = Release;
		};
/* End XCBuildConfiguration section */

/* Begin XCConfigurationList section */
		D748734E1B849E110095E42F /* Build configuration list for PBXProject "MyWebViewApp" */ = {
			isa = XCConfigurationList;
			buildConfigurations = (
				D74873631B849E110095E42F /* Debug */,
				D74873641B849E110095E42F /* Release */,
			);
			defaultConfigurationIsVisible = 0;
			defaultConfigurationName = Release;
		};
		D74873651B849E110095E42F /* Build configuration list for PBXNativeTarget "MyWebViewApp" */ = {
			isa = XCConfigurationList;
			buildConfigurations = (
				D74873661B849E110095E42F /* Debug */,
				D74873671B849E110095E42F /* Release */,
			);
			defaultConfigurationIsVisible = 0;
			defaultConfigurationName = Release;
		};
/* End XCConfigurationList section */
	};
	rootObject = D748734B1B849E110095E42F /* Project object */;
}
